<?xml version="1.0" encoding="utf-8"?>
<Project ToolsVersion="4.0" xmlns="http://schemas.microsoft.com/developer/msbuild/2003">
  <ItemGroup>
    <Filter Include="Source Files">
      <UniqueIdentifier>{4FC737F1-C7A5-4376-A066-2A32D752A2FF}</UniqueIdentifier>
      <Extensions>cpp;c;cc;cxx;c++;cppm;ixx;def;odl;idl;hpj;bat;asm;asmx</Extensions>
    </Filter>
    <Filter Include="Header Files">
      <UniqueIdentifier>{93995380-89BD-4b04-88EB-625FBE52EBFB}</UniqueIdentifier>
      <Extensions>h;hh;hpp;hxx;h++;hm;inl;inc;ipp;xsd</Extensions>
    </Filter>
    <Filter Include="Resource Files">
      <UniqueIdentifier>{67DA6AB6-F800-4c08-8B7A-83BB121AAD01}</UniqueIdentifier>
      <Extensions>rc;ico;cur;bmp;dlg;rc2;rct;bin;rgs;gif;jpg;jpeg;jpe;resx;tiff;tif;png;wav;mfcribbon-ms</Extensions>
    </Filter>
    <Filter Include="Resource Files\Sprites">
      <UniqueIdentifier>{91e2e06f-9b3d-4f3a-9d5f-6977d223ca86}</UniqueIdentifier>
    </Filter>
    <Filter Include="Resource Files\Sprites\Player">
      <UniqueIdentifier>{48501158-7e3b-4173-a5a8-ee3b2b8d3d71}</UniqueIdentifier>
    </Filter>
  </ItemGroup>
  <ItemGroup>
    <ClCompile Include="main.cpp">
      <Filter>Source Files</Filter>
    </ClCompile>
    <ClCompile Include="Actor.cpp">
      <Filter>Source Files</Filter>
    </ClCompile>
    <ClCompile Include="Player.cpp">
      <Filter>Source Files</Filter>
    </ClCompile>
    <ClCompile Include="Controller.cpp">
      <Filter>Source Files</Filter>
    </ClCompile>
    <ClCompile Include="Level.cpp">
      <Filter>Source Files</Filter>
    </ClCompile>
    <ClCompile Include="Game.cpp">
      <Filter>Source Files</Filter>
    </ClCompile>
    <ClCompile Include="Enemy.cpp">
      <Filter>Source Files</Filter>
    </ClCompile>
  </ItemGroup>
  <ItemGroup>
    <None Include="packages.config" />
  </ItemGroup>
  <ItemGroup>
    <ClInclude Include="Actor.h">
      <Filter>Header Files</Filter>
    </ClInclude>
    <ClInclude Include="Player.h">
      <Filter>Header Files</Filter>
    </ClInclude>
    <ClInclude Include="Controller.h">
      <Filter>Header Files</Filter>
    </ClInclude>
    <ClInclude Include="Level.h">
      <Filter>Header Files</Filter>
    </ClInclude>
    <ClInclude Include="Game.h">
      <Filter>Header Files</Filter>
    </ClInclude>
    <ClInclude Include="Enemy.h">
      <Filter>Header Files</Filter>
    </ClInclude>
  </ItemGroup>
  <ItemGroup>
    <Image Include="..\..\..\Project\Star Hunter\Sprites\Destroyer\Walk.png">
      <Filter>Resource Files\Sprites\Player</Filter>
    </Image>
    <Image Include="..\..\..\Project\Star Hunter\Sprites\Destroyer\Attack_1.png">
      <Filter>Resource Files\Sprites\Player</Filter>
    </Image>
    <Image Include="..\..\..\Project\Star Hunter\Sprites\Destroyer\Attack_2.png">
      <Filter>Resource Files\Sprites\Player</Filter>
    </Image>
    <Image Include="..\..\..\Project\Star Hunter\Sprites\Destroyer\Charge_1.png">
      <Filter>Resource Files\Sprites\Player</Filter>
    </Image>
    <Image Include="..\..\..\Project\Star Hunter\Sprites\Destroyer\Charge_2.png">
      <Filter>Resource Files\Sprites\Player</Filter>
    </Image>
    <Image Include="..\..\..\Project\Star Hunter\Sprites\Destroyer\Dead.png">
      <Filter>Resource Files\Sprites\Player</Filter>
    </Image>
    <Image Include="..\..\..\Project\Star Hunter\Sprites\Destroyer\Enabling.png">
      <Filter>Resource Files\Sprites\Player</Filter>
    </Image>
    <Image Include="..\..\..\Project\Star Hunter\Sprites\Destroyer\Hurt.png">
      <Filter>Resource Files\Sprites\Player</Filter>
    </Image>
    <Image Include="..\..\..\Project\Star Hunter\Sprites\Destroyer\Idle.png">
      <Filter>Resource Files\Sprites\Player</Filter>
    </Image>
    <Image Include="..\..\..\Project\Star Hunter\Sprites\Destroyer\Shot_1.png">
      <Filter>Resource Files\Sprites\Player</Filter>
    </Image>
    <Image Include="..\..\..\Project\Star Hunter\Sprites\Destroyer\Shot_2.png">
      <Filter>Resource Files\Sprites\Player</Filter>
    </Image>
    <Image Include="..\..\..\Project\Star Hunter\Sprites\Destroyer\Shutdown.png">
      <Filter>Resource Files\Sprites\Player</Filter>
    </Image>
  </ItemGroup>
</Project>